{
  "name": "race-schedule",
  "lockfileVersion": 3,
  "requires": true,
  "packages": {
    "": {
      "dependencies": {
        "@codegenie/serverless-express": "^4.15.0"
      }
    },
    "node_modules/@codegenie/serverless-express": {
      "version": "4.15.0",
      "resolved": "https://registry.npmjs.org/@codegenie/serverless-express/-/serverless-express-4.15.0.tgz",
      "integrity": "sha512-adnKbnW1Tg5LAe0lcbyoRchu8G6+gLwP1rvgwfHvTbCwvBQNfhsgnzq4cKkLn7ZKn2sa4JZNis/Gn/2jWBWa4A==",
      "engines": {
        "node": ">=12"
      }
    }
  }
}
